// !$*UTF8*$!
{
	archiveVersion = 1;
	classes = {
	};
	objectVersion = 77;
	objects = {

/* Begin PBXFileReference section */
		AAAA000000000000000000A1 /* rmbr.app */ = {isa = PBXFileReference; explicitFileType = wrapper.application; includeInIndex = 0; path = rmbr.app; sourceTree = BUILT_PRODUCTS_DIR; };
		AAAA000000000000000000A3 /* rmbrTests.xctest */ = {isa = PBXFileReference; explicitFileType = wrapper.cfbundle; includeInIndex = 0; path = rmbrTests.xctest; sourceTree = BUILT_PRODUCTS_DIR; };
/* End PBXFileReference section */

/* Begin PBXFileSystemSynchronizedRootGroup section */
		AAAA000000000000000000B1 /* rmbr */ = {isa = PBXFileSystemSynchronizedRootGroup; path = rmbr; sourceTree = "<group>"; };
		AAAA000000000000000000B2 /* rmbrTests */ = {isa = PBXFileSystemSynchronizedRootGroup; path = rmbrTests; sourceTree = "<group>"; };
/* End PBXFileSystemSynchronizedRootGroup section */

/* Begin PBXFrameworksBuildPhase section */
		AAAA000000000000000000C1 /* Frameworks */ = {
			isa = PBXFrameworksBuildPhase;
			buildActionMask = 2147483647;
			files = (
			);
			runOnlyForDeploymentPostprocessing = 0;
		};
		AAAA000000000000000000C4 /* Frameworks */ = {
			isa = PBXFrameworksBuildPhase;
			buildActionMask = 2147483647;
			files = (
			);
			runOnlyForDeploymentPostprocessing = 0;
		};
/* End PBXFrameworksBuildPhase section */

/* Begin PBXGroup section */
		AAAA000000000000000000D1 = {
			isa = PBXGroup;
			children = (
				AAAA000000000000000000B1 /* rmbr */,
				AAAA000000000000000000B2 /* rmbrTests */,
				AAAA000000000000000000D2 /* Products */,
			);
			sourceTree = "<group>";
		};
		AAAA000000000000000000D2 /* Products */ = {
			isa = PBXGroup;
			children = (
				AAAA000000000000000000A1 /* rmbr.app */,
				AAAA000000000000000000A3 /* rmbrTests.xctest */,
			);
			name = Products;
			sourceTree = "<group>";
		};
/* End PBXGroup section */

/* Begin PBXNativeTarget section */
		AAAA000000000000000000E1 /* rmbr */ = {
			isa = PBXNativeTarget;
			buildConfigurationList = AAAA000000000000000000F2 /* Build configuration list for PBXNativeTarget "rmbr" */;
			buildPhases = (
				AAAA000000000000000000C2 /* Sources */,
				AAAA000000000000000000C1 /* Frameworks */,
				AAAA000000000000000000C3 /* Resources */,
			);
			buildRules = (
			);
			dependencies = (
			);
			fileSystemSynchronizedGroups = (
				AAAA000000000000000000B1 /* rmbr */,
			);
			name = rmbr;
			packageProductDependencies = (
			);
			productName = rmbr;
			productReference = AAAA000000000000000000A1 /* rmbr.app */;
			productType = "com.apple.product-type.application";
		};
		AAAA000000000000000000E3 /* rmbrTests */ = {
			isa = PBXNativeTarget;
			buildConfigurationList = AAAA000000000000000000F3 /* Build configuration list for PBXNativeTarget "rmbrTests" */;
			buildPhases = (
				AAAA000000000000000000C5 /* Sources */,
				AAAA000000000000000000C4 /* Frameworks */,
				AAAA000000000000000000C6 /* Resources */,
			);
			buildRules = (
			);
			dependencies = (
				AAAA000000000000000000E5 /* PBXTargetDependency */,
			);
			fileSystemSynchronizedGroups = (
				AAAA000000000000000000B2 /* rmbrTests */,
			);
			name = rmbrTests;
			packageProductDependencies = (
			);
			productName = rmbrTests;
			productReference = AAAA000000000000000000A3 /* rmbrTests.xctest */;
			productType = "com.apple.product-type.bundle.unit-test";
		};
/* End PBXNativeTarget section */

/* Begin PBXProject section */
		AAAA000000000000000000E2 /* Project object */ = {
			isa = PBXProject;
			attributes = {
				BuildIndependentTargetsInParallel = 1;
				LastSwiftUpdateCheck = 2630;
				LastUpgradeCheck = 2630;
				TargetAttributes = {
					AAAA000000000000000000E1 = {
						CreatedOnToolsVersion = 26.3;
					};
					AAAA000000000000000000E3 = {
						CreatedOnToolsVersion = 26.3;
						TestTargetID = AAAA000000000000000000E1;
					};
				};
			};
			buildConfigurationList = AAAA000000000000000000F1 /* Build configuration list for PBXProject "rmbr" */;
			developmentRegion = en;
			hasScannedForEncodings = 0;
			knownRegions = (
				en,
				Base,
			);
			mainGroup = AAAA000000000000000000D1;
			minimizedProjectReferenceProxies = 1;
			preferredProjectObjectVersion = 77;
			productRefGroup = AAAA000000000000000000D2 /* Products */;
			projectDirPath = "";
			projectRoot = "";
			targets = (
				AAAA000000000000000000E1 /* rmbr */,
				AAAA000000000000000000E3 /* rmbrTests */,
			);
		};
/* End PBXProject section */

/* Begin PBXResourcesBuildPhase section */
		AAAA000000000000000000C3 /* Resources */ = {
			isa = PBXResourcesBuildPhase;
			buildActionMask = 2147483647;
			files = (
			);
			runOnlyForDeploymentPostprocessing = 0;
		};
		AAAA000000000000000000C6 /* Resources */ = {
			isa = PBXResourcesBuildPhase;
			buildActionMask = 2147483647;
			files = (
			);
			runOnlyForDeploymentPostprocessing = 0;
		};
/* End PBXResourcesBuildPhase section */

/* Begin PBXSourcesBuildPhase section */
		AAAA000000000000000000C2 /* Sources */ = {
			isa = PBXSourcesBuildPhase;
			buildActionMask = 2147483647;
			files = (
			);
			runOnlyForDeploymentPostprocessing = 0;
		};
		AAAA000000000000000000C5 /* Sources */ = {
			isa = PBXSourcesBuildPhase;
			buildActionMask = 2147483647;
			files = (
			);
			runOnlyForDeploymentPostprocessing = 0;
		};
/* End PBXSourcesBuildPhase section */

/* Begin PBXTargetDependency section */
		AAAA000000000000000000E5 /* PBXTargetDependency */ = {
			isa = PBXTargetDependency;
			target = AAAA000000000000000000E1 /* rmbr */;
			targetProxy = AAAA000000000000000000E6 /* PBXContainerItemProxy */;
		};
/* End PBXTargetDependency section */

/* Begin PBXContainerItemProxy section */
		AAAA000000000000000000E6 /* PBXContainerItemProxy */ = {
			isa = PBXContainerItemProxy;
			containerPortal = AAAA000000000000000000E2 /* Project object */;
			proxyType = 1;
			remoteGlobalIDString = AAAA000000000000000000E1;
			remoteInfo = rmbr;
		};
/* End PBXContainerItemProxy section */

/* Begin XCBuildConfiguration section */
		AAAA00000000000000000101 /* Debug */ = {
			isa = XCBuildConfiguration;
			buildSettings = {
				ALWAYS_SEARCH_USER_PATHS = NO;
				ASSETCATALOG_COMPILER_GENERATE_ASSET_SYMBOLS = NO;
				CLANG_ANALYZER_NONNULL = YES;
				CLANG_ENABLE_MODULES = YES;
				CLANG_ENABLE_OBJC_ARC = YES;
				CLANG_WARN_DOCUMENTATION_COMMENTS = YES;
				COPY_PHASE_STRIP = NO;
				DEBUG_INFORMATION_FORMAT = dwarf;
				ENABLE_STRICT_OBJC_MSGSEND = YES;
				ENABLE_TESTABILITY = YES;
				GCC_C_LANGUAGE_STANDARD = gnu17;
				GCC_DYNAMIC_NO_PIC = NO;
				GCC_NO_COMMON_BLOCKS = YES;
				GCC_OPTIMIZATION_LEVEL = 0;
				GCC_PREPROCESSOR_DEFINITIONS = (
					"DEBUG=1",
					"$(inherited)",
				);
				IPHONEOS_DEPLOYMENT_TARGET = 26.0;
				MTL_ENABLE_DEBUG_INFO = INCLUDE_SOURCE;
				MTL_FAST_MATH = YES;
				ONLY_ACTIVE_ARCH = YES;
				SDKROOT = iphoneos;
				SWIFT_ACTIVE_COMPILATION_CONDITIONS = "DEBUG $(inherited)";
				SWIFT_OPTIMIZATION_LEVEL = "-Onone";
				SWIFT_VERSION = 6.0;
			};
			name = Debug;
		};
		AAAA00000000000000000102 /* Release */ = {
			isa = XCBuildConfiguration;
			buildSettings = {
				ALWAYS_SEARCH_USER_PATHS = NO;
				ASSETCATALOG_COMPILER_GENERATE_ASSET_SYMBOLS = NO;
				CLANG_ANALYZER_NONNULL = YES;
				CLANG_ENABLE_MODULES = YES;
				CLANG_ENABLE_OBJC_ARC = YES;
				CLANG_WARN_DOCUMENTATION_COMMENTS = YES;
				COPY_PHASE_STRIP = NO;
				DEBUG_INFORMATION_FORMAT = "dwarf-with-dsym";
				ENABLE_NS_ASSERTIONS = NO;
				ENABLE_STRICT_OBJC_MSGSEND = YES;
				ENABLE_TESTABILITY = YES;
				GCC_C_LANGUAGE_STANDARD = gnu17;
				GCC_NO_COMMON_BLOCKS = YES;
				IPHONEOS_DEPLOYMENT_TARGET = 26.0;
				MTL_ENABLE_DEBUG_INFO = NO;
				MTL_FAST_MATH = YES;
				SDKROOT = iphoneos;
				SWIFT_COMPILATION_MODE = wholemodule;
				SWIFT_VERSION = 6.0;
				VALIDATE_PRODUCT = YES;
			};
			name = Release;
		};
		AAAA00000000000000000103 /* Debug */ = {
			isa = XCBuildConfiguration;
			buildSettings = {
				CODE_SIGN_STYLE = Automatic;
				CURRENT_PROJECT_VERSION = 1;
				DEVELOPMENT_TEAM = "";
				"DEVELOPMENT_TEAM[sdk=iphoneos*]" = QWGVB7TN4T;
				ENABLE_PREVIEWS = YES;
				GENERATE_INFOPLIST_FILE = YES;
				INFOPLIST_KEY_CFBundleDisplayName = rmbr;
				INFOPLIST_KEY_NSPhotoLibraryUsageDescription = "rmbr reads the dates, coordinates and kinds of your photographs to rebuild what a day contained. Your photographs are read only on this phone and are never uploaded.";
				INFOPLIST_KEY_UIApplicationSceneManifest_Generation = YES;
				INFOPLIST_KEY_UILaunchScreen_Generation = YES;
				INFOPLIST_KEY_UISupportedInterfaceOrientations = UIInterfaceOrientationPortrait;
				INFOPLIST_KEY_UIUserInterfaceStyle = Dark;
				LD_RUNPATH_SEARCH_PATHS = (
					"$(inherited)",
					"@executable_path/Frameworks",
				);
				MARKETING_VERSION = 0.1;
				PRODUCT_BUNDLE_IDENTIFIER = com.TylerPavay.rmbr;
				PRODUCT_NAME = "$(TARGET_NAME)";
				SWIFT_EMIT_LOC_STRINGS = YES;
				TARGETED_DEVICE_FAMILY = 1;
			};
			name = Debug;
		};
		AAAA00000000000000000104 /* Release */ = {
			isa = XCBuildConfiguration;
			buildSettings = {
				CODE_SIGN_STYLE = Automatic;
				CURRENT_PROJECT_VERSION = 1;
				DEVELOPMENT_TEAM = "";
				"DEVELOPMENT_TEAM[sdk=iphoneos*]" = QWGVB7TN4T;
				ENABLE_PREVIEWS = YES;
				GENERATE_INFOPLIST_FILE = YES;
				INFOPLIST_KEY_CFBundleDisplayName = rmbr;
				INFOPLIST_KEY_NSPhotoLibraryUsageDescription = "rmbr reads the dates, coordinates and kinds of your photographs to rebuild what a day contained. Your photographs are read only on this phone and are never uploaded.";
				INFOPLIST_KEY_UIApplicationSceneManifest_Generation = YES;
				INFOPLIST_KEY_UILaunchScreen_Generation = YES;
				INFOPLIST_KEY_UISupportedInterfaceOrientations = UIInterfaceOrientationPortrait;
				INFOPLIST_KEY_UIUserInterfaceStyle = Dark;
				LD_RUNPATH_SEARCH_PATHS = (
					"$(inherited)",
					"@executable_path/Frameworks",
				);
				MARKETING_VERSION = 0.1;
				PRODUCT_BUNDLE_IDENTIFIER = com.TylerPavay.rmbr;
				PRODUCT_NAME = "$(TARGET_NAME)";
				SWIFT_EMIT_LOC_STRINGS = YES;
				TARGETED_DEVICE_FAMILY = 1;
			};
			name = Release;
		};
		AAAA00000000000000000105 /* Debug */ = {
			isa = XCBuildConfiguration;
			buildSettings = {
				BUNDLE_LOADER = "$(TEST_HOST)";
				CODE_SIGN_STYLE = Automatic;
				CURRENT_PROJECT_VERSION = 1;
				DEVELOPMENT_TEAM = "";
				"DEVELOPMENT_TEAM[sdk=iphoneos*]" = QWGVB7TN4T;
				GENERATE_INFOPLIST_FILE = YES;
				MARKETING_VERSION = 0.1;
				PRODUCT_BUNDLE_IDENTIFIER = com.TylerPavay.rmbrTests;
				PRODUCT_NAME = "$(TARGET_NAME)";
				SWIFT_EMIT_LOC_STRINGS = NO;
				TARGETED_DEVICE_FAMILY = 1;
				TEST_HOST = "$(BUILT_PRODUCTS_DIR)/rmbr.app/rmbr";
			};
			name = Debug;
		};
		AAAA00000000000000000106 /* Release */ = {
			isa = XCBuildConfiguration;
			buildSettings = {
				BUNDLE_LOADER = "$(TEST_HOST)";
				CODE_SIGN_STYLE = Automatic;
				CURRENT_PROJECT_VERSION = 1;
				DEVELOPMENT_TEAM = "";
				"DEVELOPMENT_TEAM[sdk=iphoneos*]" = QWGVB7TN4T;
				GENERATE_INFOPLIST_FILE = YES;
				MARKETING_VERSION = 0.1;
				PRODUCT_BUNDLE_IDENTIFIER = com.TylerPavay.rmbrTests;
				PRODUCT_NAME = "$(TARGET_NAME)";
				SWIFT_EMIT_LOC_STRINGS = NO;
				TARGETED_DEVICE_FAMILY = 1;
				TEST_HOST = "$(BUILT_PRODUCTS_DIR)/rmbr.app/rmbr";
			};
			name = Release;
		};
/* End XCBuildConfiguration section */

/* Begin XCConfigurationList section */
		AAAA000000000000000000F1 /* Build configuration list for PBXProject "rmbr" */ = {
			isa = XCConfigurationList;
			buildConfigurations = (
				AAAA00000000000000000101 /* Debug */,
				AAAA00000000000000000102 /* Release */,
			);
			defaultConfigurationIsVisible = 0;
			defaultConfigurationName = Release;
		};
		AAAA000000000000000000F2 /* Build configuration list for PBXNativeTarget "rmbr" */ = {
			isa = XCConfigurationList;
			buildConfigurations = (
				AAAA00000000000000000103 /* Debug */,
				AAAA00000000000000000104 /* Release */,
			);
			defaultConfigurationIsVisible = 0;
			defaultConfigurationName = Release;
		};
		AAAA000000000000000000F3 /* Build configuration list for PBXNativeTarget "rmbrTests" */ = {
			isa = XCConfigurationList;
			buildConfigurations = (
				AAAA00000000000000000105 /* Debug */,
				AAAA00000000000000000106 /* Release */,
			);
			defaultConfigurationIsVisible = 0;
			defaultConfigurationName = Release;
		};
/* End XCConfigurationList section */
	};
	rootObject = AAAA000000000000000000E2 /* Project object */;
}
